// !$*UTF8*$!
{
	archiveVersion = 1;
	classes = {
	};
	objectVersion = 55;
	objects = {

/* Begin PBXBuildFile section */
		6316E94528B1FE4100354904 /* AppDelegate.swift in Sources */ = {isa = PBXBuildFile; fileRef = 6316E94428B1FE4100354904 /* AppDelegate.swift */; };
		6316E94728B1FE4100354904 /* SceneDelegate.swift in Sources */ = {isa = PBXBuildFile; fileRef = 6316E94628B1FE4100354904 /* SceneDelegate.swift */; };
		6316E94928B1FE4100354904 /* ViewController.swift in Sources */ = {isa = PBXBuildFile; fileRef = 6316E94828B1FE4100354904 /* ViewController.swift */; };
		6316E94C28B1FE4100354904 /* Main.storyboard in Resources */ = {isa = PBXBuildFile; fileRef = 6316E94A28B1FE4100354904 /* Main.storyboard */; };
		6316E94E28B1FE4300354904 /* Assets.xcassets in Resources */ = {isa = PBXBuildFile; fileRef = 6316E94D28B1FE4300354904 /* Assets.xcassets */; };
		6316E95128B1FE4300354904 /* LaunchScreen.storyboard in Resources */ = {isa = PBXBuildFile; fileRef = 6316E94F28B1FE4300354904 /* LaunchScreen.storyboard */; };
		6316E95C28B1FE4400354904 /* NasaGalleryTests.swift in Sources */ = {isa = PBXBuildFile; fileRef = 6316E95B28B1FE4400354904 /* NasaGalleryTests.swift */; };
		6316E96628B1FE4400354904 /* NasaGalleryUITests.swift in Sources */ = {isa = PBXBuildFile; fileRef = 6316E96528B1FE4400354904 /* NasaGalleryUITests.swift */; };
		6316E96828B1FE4400354904 /* NasaGalleryUITestsLaunchTests.swift in Sources */ = {isa = PBXBuildFile; fileRef = 6316E96728B1FE4400354904 /* NasaGalleryUITestsLaunchTests.swift */; };
		6316E97A28B2016400354904 /* data.json in Resources */ = {isa = PBXBuildFile; fileRef = 6316E97928B2016400354904 /* data.json */; };
		6316E97D28B2037D00354904 /* MobiusCore in Frameworks */ = {isa = PBXBuildFile; productRef = 6316E97C28B2037D00354904 /* MobiusCore */; };
		6316E97F28B2037D00354904 /* MobiusExtras in Frameworks */ = {isa = PBXBuildFile; productRef = 6316E97E28B2037D00354904 /* MobiusExtras */; };
		6316E98128B2037D00354904 /* MobiusNimble in Frameworks */ = {isa = PBXBuildFile; productRef = 6316E98028B2037D00354904 /* MobiusNimble */; };
		6316E98328B2037D00354904 /* MobiusTest in Frameworks */ = {isa = PBXBuildFile; productRef = 6316E98228B2037D00354904 /* MobiusTest */; };
		6316E99228B2076D00354904 /* HomeLogicTests.swift in Sources */ = {isa = PBXBuildFile; fileRef = 6316E99128B2076D00354904 /* HomeLogicTests.swift */; };
		6316E99428B208AF00354904 /* HomeModel.swift in Sources */ = {isa = PBXBuildFile; fileRef = 6316E99328B208AF00354904 /* HomeModel.swift */; };
		6316E99628B208ED00354904 /* HomeEvent.swift in Sources */ = {isa = PBXBuildFile; fileRef = 6316E99528B208ED00354904 /* HomeEvent.swift */; };
		6316E99828B2095100354904 /* HomeEffect.swift in Sources */ = {isa = PBXBuildFile; fileRef = 6316E99728B2095100354904 /* HomeEffect.swift */; };
		6316E99A28B209F800354904 /* HomeLogic.swift in Sources */ = {isa = PBXBuildFile; fileRef = 6316E99928B209F800354904 /* HomeLogic.swift */; };
		6316E99D28B211E600354904 /* Gallery.swift in Sources */ = {isa = PBXBuildFile; fileRef = 6316E99C28B211E600354904 /* Gallery.swift */; };
		6316E99F28B2147200354904 /* HomeEffectHandlerTests.swift in Sources */ = {isa = PBXBuildFile; fileRef = 6316E99E28B2147200354904 /* HomeEffectHandlerTests.swift */; };
		6316E9A328B215A500354904 /* HomeAction.swift in Sources */ = {isa = PBXBuildFile; fileRef = 6316E9A228B215A500354904 /* HomeAction.swift */; };
		6316E9A628B2173C00354904 /* Cuckoo in Frameworks */ = {isa = PBXBuildFile; productRef = 6316E9A528B2173C00354904 /* Cuckoo */; };
		6316E9A928B2189100354904 /* GeneratedMocks.swift in Sources */ = {isa = PBXBuildFile; fileRef = 6316E9A828B2189100354904 /* GeneratedMocks.swift */; };
		6316E9AB28B21C1500354904 /* SpyableHomeAction.swift in Sources */ = {isa = PBXBuildFile; fileRef = 6316E9AA28B21C1500354904 /* SpyableHomeAction.swift */; };
		6316E9AC28B2239500354904 /* HomeEfffectHandler.swift in Sources */ = {isa = PBXBuildFile; fileRef = 6316E9A028B2155700354904 /* HomeEfffectHandler.swift */; };
		6316E9AE28B22EB800354904 /* HomeView.swift in Sources */ = {isa = PBXBuildFile; fileRef = 6316E9AD28B22EB800354904 /* HomeView.swift */; };
		6316E9B028B22EFF00354904 /* HomeRenderer.swift in Sources */ = {isa = PBXBuildFile; fileRef = 6316E9AF28B22EFF00354904 /* HomeRenderer.swift */; };
		6316E9B228B22FC800354904 /* SpyableHomeView.swift in Sources */ = {isa = PBXBuildFile; fileRef = 6316E9B128B22FC800354904 /* SpyableHomeView.swift */; };
		6316E9B428B2309000354904 /* HomeRendererTests.swift in Sources */ = {isa = PBXBuildFile; fileRef = 6316E9B328B2309000354904 /* HomeRendererTests.swift */; };
		6316E9B828B2369E00354904 /* GalleryServiceTests.swift in Sources */ = {isa = PBXBuildFile; fileRef = 6316E9B728B2369E00354904 /* GalleryServiceTests.swift */; };
		6316E9BA28B236EF00354904 /* GalleryApi.swift in Sources */ = {isa = PBXBuildFile; fileRef = 6316E9B928B236EF00354904 /* GalleryApi.swift */; };
		6316E9BC28B2376C00354904 /* MockGalleryService.swift in Sources */ = {isa = PBXBuildFile; fileRef = 6316E9BB28B2376C00354904 /* MockGalleryService.swift */; };
		6316E9BE28B24DBC00354904 /* GalleryService.swift in Sources */ = {isa = PBXBuildFile; fileRef = 6316E9BD28B24DBC00354904 /* GalleryService.swift */; };
		6316E9C028B2510400354904 /* Gallery+Tests.swift in Sources */ = {isa = PBXBuildFile; fileRef = 6316E9BF28B2510400354904 /* Gallery+Tests.swift */; };
/* End PBXBuildFile section */

/* Begin PBXContainerItemProxy section */
		6316E95828B1FE4400354904 /* PBXContainerItemProxy */ = {
			isa = PBXContainerItemProxy;
			containerPortal = 6316E93928B1FE4100354904 /* Project object */;
			proxyType = 1;
			remoteGlobalIDString = 6316E94028B1FE4100354904;
			remoteInfo = NasaGallery;
		};
		6316E96228B1FE4400354904 /* PBXContainerItemProxy */ = {
			isa = PBXContainerItemProxy;
			containerPortal = 6316E93928B1FE4100354904 /* Project object */;
			proxyType = 1;
			remoteGlobalIDString = 6316E94028B1FE4100354904;
			remoteInfo = NasaGallery;
		};
/* End PBXContainerItemProxy section */

/* Begin PBXFileReference section */
		6316E94128B1FE4100354904 /* NasaGallery.app */ = {isa = PBXFileReference; explicitFileType = wrapper.application; includeInIndex = 0; path = NasaGallery.app; sourceTree = BUILT_PRODUCTS_DIR; };
		6316E94428B1FE4100354904 /* AppDelegate.swift */ = {isa = PBXFileReference; lastKnownFileType = sourcecode.swift; path = AppDelegate.swift; sourceTree = "<group>"; };
		6316E94628B1FE4100354904 /* SceneDelegate.swift */ = {isa = PBXFileReference; lastKnownFileType = sourcecode.swift; path = SceneDelegate.swift; sourceTree = "<group>"; };
		6316E94828B1FE4100354904 /* ViewController.swift */ = {isa = PBXFileReference; lastKnownFileType = sourcecode.swift; path = ViewController.swift; sourceTree = "<group>"; };
		6316E94B28B1FE4100354904 /* Base */ = {isa = PBXFileReference; lastKnownFileType = file.storyboard; name = Base; path = Base.lproj/Main.storyboard; sourceTree = "<group>"; };
		6316E94D28B1FE4300354904 /* Assets.xcassets */ = {isa = PBXFileReference; lastKnownFileType = folder.assetcatalog; path = Assets.xcassets; sourceTree = "<group>"; };
		6316E95028B1FE4300354904 /* Base */ = {isa = PBXFileReference; lastKnownFileType = file.storyboard; name = Base; path = Base.lproj/LaunchScreen.storyboard; sourceTree = "<group>"; };
		6316E95228B1FE4300354904 /* Info.plist */ = {isa = PBXFileReference; lastKnownFileType = text.plist.xml; path = Info.plist; sourceTree = "<group>"; };
		6316E95728B1FE4400354904 /* NasaGalleryTests.xctest */ = {isa = PBXFileReference; explicitFileType = wrapper.cfbundle; includeInIndex = 0; path = NasaGalleryTests.xctest; sourceTree = BUILT_PRODUCTS_DIR; };
		6316E95B28B1FE4400354904 /* NasaGalleryTests.swift */ = {isa = PBXFileReference; lastKnownFileType = sourcecode.swift; path = NasaGalleryTests.swift; sourceTree = "<group>"; };
		6316E96128B1FE4400354904 /* NasaGalleryUITests.xctest */ = {isa = PBXFileReference; explicitFileType = wrapper.cfbundle; includeInIndex = 0; path = NasaGalleryUITests.xctest; sourceTree = BUILT_PRODUCTS_DIR; };
		6316E96528B1FE4400354904 /* NasaGalleryUITests.swift */ = {isa = PBXFileReference; lastKnownFileType = sourcecode.swift; path = NasaGalleryUITests.swift; sourceTree = "<group>"; };
		6316E96728B1FE4400354904 /* NasaGalleryUITestsLaunchTests.swift */ = {isa = PBXFileReference; lastKnownFileType = sourcecode.swift; path = NasaGalleryUITestsLaunchTests.swift; sourceTree = "<group>"; };
		6316E97928B2016400354904 /* data.json */ = {isa = PBXFileReference; fileEncoding = 4; lastKnownFileType = text.json; path = data.json; sourceTree = "<group>"; };
		6316E99128B2076D00354904 /* HomeLogicTests.swift */ = {isa = PBXFileReference; lastKnownFileType = sourcecode.swift; path = HomeLogicTests.swift; sourceTree = "<group>"; };
		6316E99328B208AF00354904 /* HomeModel.swift */ = {isa = PBXFileReference; lastKnownFileType = sourcecode.swift; path = HomeModel.swift; sourceTree = "<group>"; };
		6316E99528B208ED00354904 /* HomeEvent.swift */ = {isa = PBXFileReference; lastKnownFileType = sourcecode.swift; path = HomeEvent.swift; sourceTree = "<group>"; };
		6316E99728B2095100354904 /* HomeEffect.swift */ = {isa = PBXFileReference; lastKnownFileType = sourcecode.swift; path = HomeEffect.swift; sourceTree = "<group>"; };
		6316E99928B209F800354904 /* HomeLogic.swift */ = {isa = PBXFileReference; lastKnownFileType = sourcecode.swift; path = HomeLogic.swift; sourceTree = "<group>"; };
		6316E99C28B211E600354904 /* Gallery.swift */ = {isa = PBXFileReference; lastKnownFileType = sourcecode.swift; path = Gallery.swift; sourceTree = "<group>"; };
		6316E99E28B2147200354904 /* HomeEffectHandlerTests.swift */ = {isa = PBXFileReference; lastKnownFileType = sourcecode.swift; path = HomeEffectHandlerTests.swift; sourceTree = "<group>"; };
		6316E9A028B2155700354904 /* HomeEfffectHandler.swift */ = {isa = PBXFileReference; lastKnownFileType = sourcecode.swift; path = HomeEfffectHandler.swift; sourceTree = "<group>"; };
		6316E9A228B215A500354904 /* HomeAction.swift */ = {isa = PBXFileReference; lastKnownFileType = sourcecode.swift; path = HomeAction.swift; sourceTree = "<group>"; };
		6316E9A828B2189100354904 /* GeneratedMocks.swift */ = {isa = PBXFileReference; fileEncoding = 4; lastKnownFileType = sourcecode.swift; path = GeneratedMocks.swift; sourceTree = "<group>"; };
		6316E9AA28B21C1500354904 /* SpyableHomeAction.swift */ = {isa = PBXFileReference; lastKnownFileType = sourcecode.swift; path = SpyableHomeAction.swift; sourceTree = "<group>"; };
		6316E9AD28B22EB800354904 /* HomeView.swift */ = {isa = PBXFileReference; lastKnownFileType = sourcecode.swift; path = HomeView.swift; sourceTree = "<group>"; };
		6316E9AF28B22EFF00354904 /* HomeRenderer.swift */ = {isa = PBXFileReference; lastKnownFileType = sourcecode.swift; path = HomeRenderer.swift; sourceTree = "<group>"; };
		6316E9B128B22FC800354904 /* SpyableHomeView.swift */ = {isa = PBXFileReference; lastKnownFileType = sourcecode.swift; path = SpyableHomeView.swift; sourceTree = "<group>"; };
		6316E9B328B2309000354904 /* HomeRendererTests.swift */ = {isa = PBXFileReference; lastKnownFileType = sourcecode.swift; path = HomeRendererTests.swift; sourceTree = "<group>"; };
		6316E9B728B2369E00354904 /* GalleryServiceTests.swift */ = {isa = PBXFileReference; lastKnownFileType = sourcecode.swift; path = GalleryServiceTests.swift; sourceTree = "<group>"; };
		6316E9B928B236EF00354904 /* GalleryApi.swift */ = {isa = PBXFileReference; lastKnownFileType = sourcecode.swift; path = GalleryApi.swift; sourceTree = "<group>"; };
		6316E9BB28B2376C00354904 /* MockGalleryService.swift */ = {isa = PBXFileReference; lastKnownFileType = sourcecode.swift; path = MockGalleryService.swift; sourceTree = "<group>"; };
		6316E9BD28B24DBC00354904 /* GalleryService.swift */ = {isa = PBXFileReference; lastKnownFileType = sourcecode.swift; path = GalleryService.swift; sourceTree = "<group>"; };
		6316E9BF28B2510400354904 /* Gallery+Tests.swift */ = {isa = PBXFileReference; lastKnownFileType = sourcecode.swift; path = "Gallery+Tests.swift"; sourceTree = "<group>"; };
/* End PBXFileReference section */

/* Begin PBXFrameworksBuildPhase section */
		6316E93E28B1FE4100354904 /* Frameworks */ = {
			isa = PBXFrameworksBuildPhase;
			buildActionMask = 2147483647;
			files = (
				6316E97F28B2037D00354904 /* MobiusExtras in Frameworks */,
				6316E97D28B2037D00354904 /* MobiusCore in Frameworks */,
			);
			runOnlyForDeploymentPostprocessing = 0;
		};
		6316E95428B1FE4400354904 /* Frameworks */ = {
			isa = PBXFrameworksBuildPhase;
			buildActionMask = 2147483647;
			files = (
				6316E98128B2037D00354904 /* MobiusNimble in Frameworks */,
				6316E98328B2037D00354904 /* MobiusTest in Frameworks */,
				6316E9A628B2173C00354904 /* Cuckoo in Frameworks */,
			);
			runOnlyForDeploymentPostprocessing = 0;
		};
		6316E95E28B1FE4400354904 /* Frameworks */ = {
			isa = PBXFrameworksBuildPhase;
			buildActionMask = 2147483647;
			files = (
			);
			runOnlyForDeploymentPostprocessing = 0;
		};
/* End PBXFrameworksBuildPhase section */

/* Begin PBXGroup section */
		6316E93828B1FE4100354904 = {
			isa = PBXGroup;
			children = (
				6316E94328B1FE4100354904 /* NasaGallery */,
				6316E95A28B1FE4400354904 /* NasaGalleryTests */,
				6316E96428B1FE4400354904 /* NasaGalleryUITests */,
				6316E94228B1FE4100354904 /* Products */,
			);
			sourceTree = "<group>";
		};
		6316E94228B1FE4100354904 /* Products */ = {
			isa = PBXGroup;
			children = (
				6316E94128B1FE4100354904 /* NasaGallery.app */,
				6316E95728B1FE4400354904 /* NasaGalleryTests.xctest */,
				6316E96128B1FE4400354904 /* NasaGalleryUITests.xctest */,
			);
			name = Products;
			sourceTree = "<group>";
		};
		6316E94328B1FE4100354904 /* NasaGallery */ = {
			isa = PBXGroup;
			children = (
				6316E97428B1FE4E00354904 /* App Start */,
				6316E99B28B211D900354904 /* Common */,
				6316E97628B1FE9600354904 /* Home */,
				6316E97528B1FE7600354904 /* Resources */,
				6316E9B528B2367500354904 /* Service */,
				6316E97728B1FEC000354904 /* Views */,
			);
			path = NasaGallery;
			sourceTree = "<group>";
		};
		6316E95A28B1FE4400354904 /* NasaGalleryTests */ = {
			isa = PBXGroup;
			children = (
				6316E9B628B2368900354904 /* Service */,
				6316E99028B2074B00354904 /* Home */,
				6316E98F28B205AC00354904 /* Mocks */,
				6316E95B28B1FE4400354904 /* NasaGalleryTests.swift */,
			);
			path = NasaGalleryTests;
			sourceTree = "<group>";
		};
		6316E96428B1FE4400354904 /* NasaGalleryUITests */ = {
			isa = PBXGroup;
			children = (
				6316E96528B1FE4400354904 /* NasaGalleryUITests.swift */,
				6316E96728B1FE4400354904 /* NasaGalleryUITestsLaunchTests.swift */,
			);
			path = NasaGalleryUITests;
			sourceTree = "<group>";
		};
		6316E97428B1FE4E00354904 /* App Start */ = {
			isa = PBXGroup;
			children = (
				6316E94428B1FE4100354904 /* AppDelegate.swift */,
				6316E94628B1FE4100354904 /* SceneDelegate.swift */,
			);
			path = "App Start";
			sourceTree = "<group>";
		};
		6316E97528B1FE7600354904 /* Resources */ = {
			isa = PBXGroup;
			children = (
				6316E97928B2016400354904 /* data.json */,
				6316E95228B1FE4300354904 /* Info.plist */,
				6316E94D28B1FE4300354904 /* Assets.xcassets */,
			);
			path = Resources;
			sourceTree = "<group>";
		};
		6316E97628B1FE9600354904 /* Home */ = {
			isa = PBXGroup;
			children = (
				6316E9A228B215A500354904 /* HomeAction.swift */,
				6316E99728B2095100354904 /* HomeEffect.swift */,
				6316E9A028B2155700354904 /* HomeEfffectHandler.swift */,
				6316E99528B208ED00354904 /* HomeEvent.swift */,
				6316E99928B209F800354904 /* HomeLogic.swift */,
				6316E99328B208AF00354904 /* HomeModel.swift */,
				6316E9AD28B22EB800354904 /* HomeView.swift */,
				6316E9AF28B22EFF00354904 /* HomeRenderer.swift */,
				6316E94828B1FE4100354904 /* ViewController.swift */,
			);
			path = Home;
			sourceTree = "<group>";
		};
		6316E97728B1FEC000354904 /* Views */ = {
			isa = PBXGroup;
			children = (
				6316E94A28B1FE4100354904 /* Main.storyboard */,
				6316E94F28B1FE4300354904 /* LaunchScreen.storyboard */,
			);
			path = Views;
			sourceTree = "<group>";
		};
		6316E98F28B205AC00354904 /* Mocks */ = {
			isa = PBXGroup;
			children = (
				6316E9A828B2189100354904 /* GeneratedMocks.swift */,
				6316E9BF28B2510400354904 /* Gallery+Tests.swift */,
			);
			path = Mocks;
			sourceTree = "<group>";
		};
		6316E99028B2074B00354904 /* Home */ = {
			isa = PBXGroup;
			children = (
				6316E99E28B2147200354904 /* HomeEffectHandlerTests.swift */,
				6316E99128B2076D00354904 /* HomeLogicTests.swift */,
				6316E9AA28B21C1500354904 /* SpyableHomeAction.swift */,
				6316E9B128B22FC800354904 /* SpyableHomeView.swift */,
				6316E9B328B2309000354904 /* HomeRendererTests.swift */,
			);
			path = Home;
			sourceTree = "<group>";
		};
		6316E99B28B211D900354904 /* Common */ = {
			isa = PBXGroup;
			children = (
				6316E99C28B211E600354904 /* Gallery.swift */,
			);
			path = Common;
			sourceTree = "<group>";
		};
		6316E9B528B2367500354904 /* Service */ = {
			isa = PBXGroup;
			children = (
				6316E9B928B236EF00354904 /* GalleryApi.swift */,
				6316E9BD28B24DBC00354904 /* GalleryService.swift */,
			);
			path = Service;
			sourceTree = "<group>";
		};
		6316E9B628B2368900354904 /* Service */ = {
			isa = PBXGroup;
			children = (
				6316E9B728B2369E00354904 /* GalleryServiceTests.swift */,
				6316E9BB28B2376C00354904 /* MockGalleryService.swift */,
			);
			path = Service;
			sourceTree = "<group>";
		};
/* End PBXGroup section */

/* Begin PBXNativeTarget section */
		6316E94028B1FE4100354904 /* NasaGallery */ = {
			isa = PBXNativeTarget;
			buildConfigurationList = 6316E96B28B1FE4400354904 /* Build configuration list for PBXNativeTarget "NasaGallery" */;
			buildPhases = (
				6316E93D28B1FE4100354904 /* Sources */,
				6316E97828B2000C00354904 /* Swiftlint */,
				6316E93E28B1FE4100354904 /* Frameworks */,
				6316E93F28B1FE4100354904 /* Resources */,
			);
			buildRules = (
			);
			dependencies = (
			);
			name = NasaGallery;
			packageProductDependencies = (
				6316E97C28B2037D00354904 /* MobiusCore */,
				6316E97E28B2037D00354904 /* MobiusExtras */,
			);
			productName = NasaGallery;
			productReference = 6316E94128B1FE4100354904 /* NasaGallery.app */;
			productType = "com.apple.product-type.application";
		};
		6316E95628B1FE4400354904 /* NasaGalleryTests */ = {
			isa = PBXNativeTarget;
			buildConfigurationList = 6316E96E28B1FE4400354904 /* Build configuration list for PBXNativeTarget "NasaGalleryTests" */;
			buildPhases = (
				6316E9A728B2178900354904 /* Cuckoo */,
				6316E95328B1FE4400354904 /* Sources */,
				6316E95428B1FE4400354904 /* Frameworks */,
				6316E95528B1FE4400354904 /* Resources */,
			);
			buildRules = (
			);
			dependencies = (
				6316E95928B1FE4400354904 /* PBXTargetDependency */,
			);
			name = NasaGalleryTests;
			packageProductDependencies = (
				6316E98028B2037D00354904 /* MobiusNimble */,
				6316E98228B2037D00354904 /* MobiusTest */,
				6316E9A528B2173C00354904 /* Cuckoo */,
			);
			productName = NasaGalleryTests;
			productReference = 6316E95728B1FE4400354904 /* NasaGalleryTests.xctest */;
			productType = "com.apple.product-type.bundle.unit-test";
		};
		6316E96028B1FE4400354904 /* NasaGalleryUITests */ = {
			isa = PBXNativeTarget;
			buildConfigurationList = 6316E97128B1FE4400354904 /* Build configuration list for PBXNativeTarget "NasaGalleryUITests" */;
			buildPhases = (
				6316E95D28B1FE4400354904 /* Sources */,
				6316E95E28B1FE4400354904 /* Frameworks */,
				6316E95F28B1FE4400354904 /* Resources */,
			);
			buildRules = (
			);
			dependencies = (
				6316E96328B1FE4400354904 /* PBXTargetDependency */,
			);
			name = NasaGalleryUITests;
			productName = NasaGalleryUITests;
			productReference = 6316E96128B1FE4400354904 /* NasaGalleryUITests.xctest */;
			productType = "com.apple.product-type.bundle.ui-testing";
		};
/* End PBXNativeTarget section */

/* Begin PBXProject section */
		6316E93928B1FE4100354904 /* Project object */ = {
			isa = PBXProject;
			attributes = {
				BuildIndependentTargetsInParallel = 1;
				LastSwiftUpdateCheck = 1340;
				LastUpgradeCheck = 1340;
				TargetAttributes = {
					6316E94028B1FE4100354904 = {
						CreatedOnToolsVersion = 13.4.1;
					};
					6316E95628B1FE4400354904 = {
						CreatedOnToolsVersion = 13.4.1;
						TestTargetID = 6316E94028B1FE4100354904;
					};
					6316E96028B1FE4400354904 = {
						CreatedOnToolsVersion = 13.4.1;
						TestTargetID = 6316E94028B1FE4100354904;
					};
				};
			};
			buildConfigurationList = 6316E93C28B1FE4100354904 /* Build configuration list for PBXProject "NasaGallery" */;
			compatibilityVersion = "Xcode 13.0";
			developmentRegion = en;
			hasScannedForEncodings = 0;
			knownRegions = (
				en,
				Base,
			);
			mainGroup = 6316E93828B1FE4100354904;
			packageReferences = (
				6316E97B28B2037D00354904 /* XCRemoteSwiftPackageReference "Mobius" */,
				6316E9A428B2173C00354904 /* XCRemoteSwiftPackageReference "Cuckoo" */,
			);
			productRefGroup = 6316E94228B1FE4100354904 /* Products */;
			projectDirPath = "";
			projectRoot = "";
			targets = (
				6316E94028B1FE4100354904 /* NasaGallery */,
				6316E95628B1FE4400354904 /* NasaGalleryTests */,
				6316E96028B1FE4400354904 /* NasaGalleryUITests */,
			);
		};
/* End PBXProject section */

/* Begin PBXResourcesBuildPhase section */
		6316E93F28B1FE4100354904 /* Resources */ = {
			isa = PBXResourcesBuildPhase;
			buildActionMask = 2147483647;
			files = (
				6316E95128B1FE4300354904 /* LaunchScreen.storyboard in Resources */,
				6316E94E28B1FE4300354904 /* Assets.xcassets in Resources */,
				6316E94C28B1FE4100354904 /* Main.storyboard in Resources */,
				6316E97A28B2016400354904 /* data.json in Resources */,
			);
			runOnlyForDeploymentPostprocessing = 0;
		};
		6316E95528B1FE4400354904 /* Resources */ = {
			isa = PBXResourcesBuildPhase;
			buildActionMask = 2147483647;
			files = (
			);
			runOnlyForDeploymentPostprocessing = 0;
		};
		6316E95F28B1FE4400354904 /* Resources */ = {
			isa = PBXResourcesBuildPhase;
			buildActionMask = 2147483647;
			files = (
			);
			runOnlyForDeploymentPostprocessing = 0;
		};
/* End PBXResourcesBuildPhase section */

/* Begin PBXShellScriptBuildPhase section */
		6316E97828B2000C00354904 /* Swiftlint */ = {
			isa = PBXShellScriptBuildPhase;
			buildActionMask = 2147483647;
			files = (
			);
			inputFileListPaths = (
			);
			inputPaths = (
			);
			name = Swiftlint;
			outputFileListPaths = (
			);
			outputPaths = (
			);
			runOnlyForDeploymentPostprocessing = 0;
			shellPath = /bin/sh;
			shellScript = "export PATH=\"$PATH:/opt/homebrew/bin\"\nif which swiftlint > /dev/null; then\n  swiftlint --config .swiftlint.yml\nelse\n  echo \"warning: SwiftLint not installed, download from https://github.com/realm/SwiftLint\"\nfi\n";
		};
		6316E9A728B2178900354904 /* Cuckoo */ = {
			isa = PBXShellScriptBuildPhase;
			buildActionMask = 2147483647;
			files = (
			);
			inputFileListPaths = (
			);
			inputPaths = (
			);
			name = Cuckoo;
			outputFileListPaths = (
			);
			outputPaths = (
			);
			runOnlyForDeploymentPostprocessing = 0;
			shellPath = /bin/sh;
			shellScript = "if [ $ACTION == \"indexbuild\" ]; then\n  echo \"Not running Cuckoo generator during indexing.\"\n  exit 0 \nfi\n\n# Skip for preview builds\nif [ \"${ENABLE_PREVIEWS}\" = \"YES\" ]; then\n  echo \"Not running Cuckoo generator during preview builds.\"\n  exit 0\nfi\n\n# Define output file. Change \"${PROJECT_DIR}/${PROJECT_NAME}Tests\" to your test's root source folder, if it's not the default name.\nOUTPUT_FILE=\"${PROJECT_DIR}/${PROJECT_NAME}Tests/Mocks/GeneratedMocks.swift\"\necho \"Generated Mocks File = ${OUTPUT_FILE}\"\n\n# Define input directory. Change \"${PROJECT_DIR}/${PROJECT_NAME}\" to your project's root source folder, if it's not the default name.\nINPUT_DIR=\"${PROJECT_DIR}/${PROJECT_NAME}Tests/\"\necho \"Mocks Input Directory = ${INPUT_DIR}\"\n\n# Generate mock files, include as many input files as you'd like to create mocks for.\n\"${PROJECT_DIR}/Cuckoo/run\" --download generate --testable \"${PROJECT_NAME}\" \\\n--output \"${OUTPUT_FILE}\" \\\n\"${INPUT_DIR}/Home/SpyableHomeAction.swift\" \\\n\"${INPUT_DIR}/Home/SpyableHomeView.swift\"\n# ... and so forth, the last line should never end with a backslash\n\n# After running once, locate `GeneratedMocks.swift` and drag it into your Xcode test target group.\n";
		};
/* End PBXShellScriptBuildPhase section */

/* Begin PBXSourcesBuildPhase section */
		6316E93D28B1FE4100354904 /* Sources */ = {
			isa = PBXSourcesBuildPhase;
			buildActionMask = 2147483647;
			files = (
				6316E9BA28B236EF00354904 /* GalleryApi.swift in Sources */,
				6316E99D28B211E600354904 /* Gallery.swift in Sources */,
				6316E99428B208AF00354904 /* HomeModel.swift in Sources */,
				6316E99628B208ED00354904 /* HomeEvent.swift in Sources */,
				6316E94928B1FE4100354904 /* ViewController.swift in Sources */,
				6316E94528B1FE4100354904 /* AppDelegate.swift in Sources */,
				6316E9AE28B22EB800354904 /* HomeView.swift in Sources */,
				6316E9A328B215A500354904 /* HomeAction.swift in Sources */,
				6316E99A28B209F800354904 /* HomeLogic.swift in Sources */,
				6316E9B028B22EFF00354904 /* HomeRenderer.swift in Sources */,
				6316E9BE28B24DBC00354904 /* GalleryService.swift in Sources */,
				6316E94728B1FE4100354904 /* SceneDelegate.swift in Sources */,
				6316E99828B2095100354904 /* HomeEffect.swift in Sources */,
				6316E9AC28B2239500354904 /* HomeEfffectHandler.swift in Sources */,
			);
			runOnlyForDeploymentPostprocessing = 0;
		};
		6316E95328B1FE4400354904 /* Sources */ = {
			isa = PBXSourcesBuildPhase;
			buildActionMask = 2147483647;
			files = (
				6316E9B828B2369E00354904 /* GalleryServiceTests.swift in Sources */,
				6316E99228B2076D00354904 /* HomeLogicTests.swift in Sources */,
				6316E9AB28B21C1500354904 /* SpyableHomeAction.swift in Sources */,
				6316E9B228B22FC800354904 /* SpyableHomeView.swift in Sources */,
				6316E9C028B2510400354904 /* Gallery+Tests.swift in Sources */,
				6316E95C28B1FE4400354904 /* NasaGalleryTests.swift in Sources */,
				6316E99F28B2147200354904 /* HomeEffectHandlerTests.swift in Sources */,
				6316E9B428B2309000354904 /* HomeRendererTests.swift in Sources */,
				6316E9A928B2189100354904 /* GeneratedMocks.swift in Sources */,
				6316E9BC28B2376C00354904 /* MockGalleryService.swift in Sources */,
			);
			runOnlyForDeploymentPostprocessing = 0;
		};
		6316E95D28B1FE4400354904 /* Sources */ = {
			isa = PBXSourcesBuildPhase;
			buildActionMask = 2147483647;
			files = (
				6316E96828B1FE4400354904 /* NasaGalleryUITestsLaunchTests.swift in Sources */,
				6316E96628B1FE4400354904 /* NasaGalleryUITests.swift in Sources */,
			);
			runOnlyForDeploymentPostprocessing = 0;
		};
/* End PBXSourcesBuildPhase section */

/* Begin PBXTargetDependency section */
		6316E95928B1FE4400354904 /* PBXTargetDependency */ = {
			isa = PBXTargetDependency;
			target = 6316E94028B1FE4100354904 /* NasaGallery */;
			targetProxy = 6316E95828B1FE4400354904 /* PBXContainerItemProxy */;
		};
		6316E96328B1FE4400354904 /* PBXTargetDependency */ = {
			isa = PBXTargetDependency;
			target = 6316E94028B1FE4100354904 /* NasaGallery */;
			targetProxy = 6316E96228B1FE4400354904 /* PBXContainerItemProxy */;
		};
/* End PBXTargetDependency section */

/* Begin PBXVariantGroup section */
		6316E94A28B1FE4100354904 /* Main.storyboard */ = {
			isa = PBXVariantGroup;
			children = (
				6316E94B28B1FE4100354904 /* Base */,
			);
			name = Main.storyboard;
			sourceTree = "<group>";
		};
		6316E94F28B1FE4300354904 /* LaunchScreen.storyboard */ = {
			isa = PBXVariantGroup;
			children = (
				6316E95028B1FE4300354904 /* Base */,
			);
			name = LaunchScreen.storyboard;
			sourceTree = "<group>";
		};
/* End PBXVariantGroup section */

/* Begin XCBuildConfiguration section */
		6316E96928B1FE4400354904 /* Debug */ = {
			isa = XCBuildConfiguration;
			buildSettings = {
				ALWAYS_SEARCH_USER_PATHS = NO;
				CLANG_ANALYZER_NONNULL = YES;
				CLANG_ANALYZER_NUMBER_OBJECT_CONVERSION = YES_AGGRESSIVE;
				CLANG_CXX_LANGUAGE_STANDARD = "gnu++17";
				CLANG_ENABLE_MODULES = YES;
				CLANG_ENABLE_OBJC_ARC = YES;
				CLANG_ENABLE_OBJC_WEAK = YES;
				CLANG_WARN_BLOCK_CAPTURE_AUTORELEASING = YES;
				CLANG_WARN_BOOL_CONVERSION = YES;
				CLANG_WARN_COMMA = YES;
				CLANG_WARN_CONSTANT_CONVERSION = YES;
				CLANG_WARN_DEPRECATED_OBJC_IMPLEMENTATIONS = YES;
				CLANG_WARN_DIRECT_OBJC_ISA_USAGE = YES_ERROR;
				CLANG_WARN_DOCUMENTATION_COMMENTS = YES;
				CLANG_WARN_EMPTY_BODY = YES;
				CLANG_WARN_ENUM_CONVERSION = YES;
				CLANG_WARN_INFINITE_RECURSION = YES;
				CLANG_WARN_INT_CONVERSION = YES;
				CLANG_WARN_NON_LITERAL_NULL_CONVERSION = YES;
				CLANG_WARN_OBJC_IMPLICIT_RETAIN_SELF = YES;
				CLANG_WARN_OBJC_LITERAL_CONVERSION = YES;
				CLANG_WARN_OBJC_ROOT_CLASS = YES_ERROR;
				CLANG_WARN_QUOTED_INCLUDE_IN_FRAMEWORK_HEADER = YES;
				CLANG_WARN_RANGE_LOOP_ANALYSIS = YES;
				CLANG_WARN_STRICT_PROTOTYPES = YES;
				CLANG_WARN_SUSPICIOUS_MOVE = YES;
				CLANG_WARN_UNGUARDED_AVAILABILITY = YES_AGGRESSIVE;
				CLANG_WARN_UNREACHABLE_CODE = YES;
				CLANG_WARN__DUPLICATE_METHOD_MATCH = YES;
				COPY_PHASE_STRIP = NO;
				DEBUG_INFORMATION_FORMAT = dwarf;
				ENABLE_STRICT_OBJC_MSGSEND = YES;
				ENABLE_TESTABILITY = YES;
				GCC_C_LANGUAGE_STANDARD = gnu11;
				GCC_DYNAMIC_NO_PIC = NO;
				GCC_NO_COMMON_BLOCKS = YES;
				GCC_OPTIMIZATION_LEVEL = 0;
				GCC_PREPROCESSOR_DEFINITIONS = (
					"DEBUG=1",
					"$(inherited)",
				);
				GCC_WARN_64_TO_32_BIT_CONVERSION = YES;
				GCC_WARN_ABOUT_RETURN_TYPE = YES_ERROR;
				GCC_WARN_UNDECLARED_SELECTOR = YES;
				GCC_WARN_UNINITIALIZED_AUTOS = YES_AGGRESSIVE;
				GCC_WARN_UNUSED_FUNCTION = YES;
				GCC_WARN_UNUSED_VARIABLE = YES;
				IPHONEOS_DEPLOYMENT_TARGET = 15.5;
				MTL_ENABLE_DEBUG_INFO = INCLUDE_SOURCE;
				MTL_FAST_MATH = YES;
				ONLY_ACTIVE_ARCH = YES;
				SDKROOT = iphoneos;
				SWIFT_ACTIVE_COMPILATION_CONDITIONS = DEBUG;
				SWIFT_OPTIMIZATION_LEVEL = "-Onone";
			};
			name = Debug;
		};
		6316E96A28B1FE4400354904 /* Release */ = {
			isa = XCBuildConfiguration;
			buildSettings = {
				ALWAYS_SEARCH_USER_PATHS = NO;
				CLANG_ANALYZER_NONNULL = YES;
				CLANG_ANALYZER_NUMBER_OBJECT_CONVERSION = YES_AGGRESSIVE;
				CLANG_CXX_LANGUAGE_STANDARD = "gnu++17";
				CLANG_ENABLE_MODULES = YES;
				CLANG_ENABLE_OBJC_ARC = YES;
				CLANG_ENABLE_OBJC_WEAK = YES;
				CLANG_WARN_BLOCK_CAPTURE_AUTORELEASING = YES;
				CLANG_WARN_BOOL_CONVERSION = YES;
				CLANG_WARN_COMMA = YES;
				CLANG_WARN_CONSTANT_CONVERSION = YES;
				CLANG_WARN_DEPRECATED_OBJC_IMPLEMENTATIONS = YES;
				CLANG_WARN_DIRECT_OBJC_ISA_USAGE = YES_ERROR;
				CLANG_WARN_DOCUMENTATION_COMMENTS = YES;
				CLANG_WARN_EMPTY_BODY = YES;
				CLANG_WARN_ENUM_CONVERSION = YES;
				CLANG_WARN_INFINITE_RECURSION = YES;
				CLANG_WARN_INT_CONVERSION = YES;
				CLANG_WARN_NON_LITERAL_NULL_CONVERSION = YES;
				CLANG_WARN_OBJC_IMPLICIT_RETAIN_SELF = YES;
				CLANG_WARN_OBJC_LITERAL_CONVERSION = YES;
				CLANG_WARN_OBJC_ROOT_CLASS = YES_ERROR;
				CLANG_WARN_QUOTED_INCLUDE_IN_FRAMEWORK_HEADER = YES;
				CLANG_WARN_RANGE_LOOP_ANALYSIS = YES;
				CLANG_WARN_STRICT_PROTOTYPES = YES;
				CLANG_WARN_SUSPICIOUS_MOVE = YES;
				CLANG_WARN_UNGUARDED_AVAILABILITY = YES_AGGRESSIVE;
				CLANG_WARN_UNREACHABLE_CODE = YES;
				CLANG_WARN__DUPLICATE_METHOD_MATCH = YES;
				COPY_PHASE_STRIP = NO;
				DEBUG_INFORMATION_FORMAT = "dwarf-with-dsym";
				ENABLE_NS_ASSERTIONS = NO;
				ENABLE_STRICT_OBJC_MSGSEND = YES;
				GCC_C_LANGUAGE_STANDARD = gnu11;
				GCC_NO_COMMON_BLOCKS = YES;
				GCC_WARN_64_TO_32_BIT_CONVERSION = YES;
				GCC_WARN_ABOUT_RETURN_TYPE = YES_ERROR;
				GCC_WARN_UNDECLARED_SELECTOR = YES;
				GCC_WARN_UNINITIALIZED_AUTOS = YES_AGGRESSIVE;
				GCC_WARN_UNUSED_FUNCTION = YES;
				GCC_WARN_UNUSED_VARIABLE = YES;
				IPHONEOS_DEPLOYMENT_TARGET = 15.5;
				MTL_ENABLE_DEBUG_INFO = NO;
				MTL_FAST_MATH = YES;
				SDKROOT = iphoneos;
				SWIFT_COMPILATION_MODE = wholemodule;
				SWIFT_OPTIMIZATION_LEVEL = "-O";
				VALIDATE_PRODUCT = YES;
			};
			name = Release;
		};
		6316E96C28B1FE4400354904 /* Debug */ = {
			isa = XCBuildConfiguration;
			buildSettings = {
				ASSETCATALOG_COMPILER_APPICON_NAME = AppIcon;
				ASSETCATALOG_COMPILER_GLOBAL_ACCENT_COLOR_NAME = AccentColor;
				CODE_SIGN_STYLE = Automatic;
				CURRENT_PROJECT_VERSION = 1;
				DEVELOPMENT_TEAM = 735J939Q7G;
				GENERATE_INFOPLIST_FILE = YES;
				INFOPLIST_FILE = NasaGallery/Resources/Info.plist;
				INFOPLIST_KEY_UIApplicationSupportsIndirectInputEvents = YES;
				INFOPLIST_KEY_UILaunchStoryboardName = LaunchScreen;
				INFOPLIST_KEY_UIMainStoryboardFile = Main;
				INFOPLIST_KEY_UISupportedInterfaceOrientations_iPad = "UIInterfaceOrientationPortrait UIInterfaceOrientationPortraitUpsideDown UIInterfaceOrientationLandscapeLeft UIInterfaceOrientationLandscapeRight";
				INFOPLIST_KEY_UISupportedInterfaceOrientations_iPhone = "UIInterfaceOrientationPortrait UIInterfaceOrientationLandscapeLeft UIInterfaceOrientationLandscapeRight";
				LD_RUNPATH_SEARCH_PATHS = (
					"$(inherited)",
					"@executable_path/Frameworks",
				);
				MARKETING_VERSION = 1.0;
				PRODUCT_BUNDLE_IDENTIFIER = com.rugmangathan.NasaGallery;
				PRODUCT_NAME = "$(TARGET_NAME)";
				SWIFT_EMIT_LOC_STRINGS = YES;
				SWIFT_VERSION = 5.0;
				TARGETED_DEVICE_FAMILY = "1,2";
			};
			name = Debug;
		};
		6316E96D28B1FE4400354904 /* Release */ = {
			isa = XCBuildConfiguration;
			buildSettings = {
				ASSETCATALOG_COMPILER_APPICON_NAME = AppIcon;
				ASSETCATALOG_COMPILER_GLOBAL_ACCENT_COLOR_NAME = AccentColor;
				CODE_SIGN_STYLE = Automatic;
				CURRENT_PROJECT_VERSION = 1;
				DEVELOPMENT_TEAM = 735J939Q7G;
				GENERATE_INFOPLIST_FILE = YES;
				INFOPLIST_FILE = NasaGallery/Resources/Info.plist;
				INFOPLIST_KEY_UIApplicationSupportsIndirectInputEvents = YES;
				INFOPLIST_KEY_UILaunchStoryboardName = LaunchScreen;
				INFOPLIST_KEY_UIMainStoryboardFile = Main;
				INFOPLIST_KEY_UISupportedInterfaceOrientations_iPad = "UIInterfaceOrientationPortrait UIInterfaceOrientationPortraitUpsideDown UIInterfaceOrientationLandscapeLeft UIInterfaceOrientationLandscapeRight";
				INFOPLIST_KEY_UISupportedInterfaceOrientations_iPhone = "UIInterfaceOrientationPortrait UIInterfaceOrientationLandscapeLeft UIInterfaceOrientationLandscapeRight";
				LD_RUNPATH_SEARCH_PATHS = (
					"$(inherited)",
					"@executable_path/Frameworks",
				);
				MARKETING_VERSION = 1.0;
				PRODUCT_BUNDLE_IDENTIFIER = com.rugmangathan.NasaGallery;
				PRODUCT_NAME = "$(TARGET_NAME)";
				SWIFT_EMIT_LOC_STRINGS = YES;
				SWIFT_VERSION = 5.0;
				TARGETED_DEVICE_FAMILY = "1,2";
			};
			name = Release;
		};
		6316E96F28B1FE4400354904 /* Debug */ = {
			isa = XCBuildConfiguration;
			buildSettings = {
				ALWAYS_EMBED_SWIFT_STANDARD_LIBRARIES = YES;
				BUNDLE_LOADER = "$(TEST_HOST)";
				CODE_SIGN_STYLE = Automatic;
				CURRENT_PROJECT_VERSION = 1;
				DEVELOPMENT_TEAM = 735J939Q7G;
				GENERATE_INFOPLIST_FILE = YES;
				IPHONEOS_DEPLOYMENT_TARGET = 15.5;
				MARKETING_VERSION = 1.0;
				PRODUCT_BUNDLE_IDENTIFIER = com.rugmangathan.NasaGalleryTests;
				PRODUCT_NAME = "$(TARGET_NAME)";
				SWIFT_EMIT_LOC_STRINGS = NO;
				SWIFT_VERSION = 5.0;
				TARGETED_DEVICE_FAMILY = "1,2";
				TEST_HOST = "$(BUILT_PRODUCTS_DIR)/NasaGallery.app/NasaGallery";
			};
			name = Debug;
		};
		6316E97028B1FE4400354904 /* Release */ = {
			isa = XCBuildConfiguration;
			buildSettings = {
				ALWAYS_EMBED_SWIFT_STANDARD_LIBRARIES = YES;
				BUNDLE_LOADER = "$(TEST_HOST)";
				CODE_SIGN_STYLE = Automatic;
				CURRENT_PROJECT_VERSION = 1;
				DEVELOPMENT_TEAM = 735J939Q7G;
				GENERATE_INFOPLIST_FILE = YES;
				IPHONEOS_DEPLOYMENT_TARGET = 15.5;
				MARKETING_VERSION = 1.0;
				PRODUCT_BUNDLE_IDENTIFIER = com.rugmangathan.NasaGalleryTests;
				PRODUCT_NAME = "$(TARGET_NAME)";
				SWIFT_EMIT_LOC_STRINGS = NO;
				SWIFT_VERSION = 5.0;
				TARGETED_DEVICE_FAMILY = "1,2";
				TEST_HOST = "$(BUILT_PRODUCTS_DIR)/NasaGallery.app/NasaGallery";
			};
			name = Release;
		};
		6316E97228B1FE4400354904 /* Debug */ = {
			isa = XCBuildConfiguration;
			buildSettings = {
				ALWAYS_EMBED_SWIFT_STANDARD_LIBRARIES = YES;
				CODE_SIGN_STYLE = Automatic;
				CURRENT_PROJECT_VERSION = 1;
				DEVELOPMENT_TEAM = 735J939Q7G;
				GENERATE_INFOPLIST_FILE = YES;
				MARKETING_VERSION = 1.0;
				PRODUCT_BUNDLE_IDENTIFIER = com.rugmangathan.NasaGalleryUITests;
				PRODUCT_NAME = "$(TARGET_NAME)";
				SWIFT_EMIT_LOC_STRINGS = NO;
				SWIFT_VERSION = 5.0;
				TARGETED_DEVICE_FAMILY = "1,2";
				TEST_TARGET_NAME = NasaGallery;
			};
			name = Debug;
		};
		6316E97328B1FE4400354904 /* Release */ = {
			isa = XCBuildConfiguration;
			buildSettings = {
				ALWAYS_EMBED_SWIFT_STANDARD_LIBRARIES = YES;
				CODE_SIGN_STYLE = Automatic;
				CURRENT_PROJECT_VERSION = 1;
				DEVELOPMENT_TEAM = 735J939Q7G;
				GENERATE_INFOPLIST_FILE = YES;
				MARKETING_VERSION = 1.0;
				PRODUCT_BUNDLE_IDENTIFIER = com.rugmangathan.NasaGalleryUITests;
				PRODUCT_NAME = "$(TARGET_NAME)";
				SWIFT_EMIT_LOC_STRINGS = NO;
				SWIFT_VERSION = 5.0;
				TARGETED_DEVICE_FAMILY = "1,2";
				TEST_TARGET_NAME = NasaGallery;
			};
			name = Release;
		};
/* End XCBuildConfiguration section */

/* Begin XCConfigurationList section */
		6316E93C28B1FE4100354904 /* Build configuration list for PBXProject "NasaGallery" */ = {
			isa = XCConfigurationList;
			buildConfigurations = (
				6316E96928B1FE4400354904 /* Debug */,
				6316E96A28B1FE4400354904 /* Release */,
			);
			defaultConfigurationIsVisible = 0;
			defaultConfigurationName = Release;
		};
		6316E96B28B1FE4400354904 /* Build configuration list for PBXNativeTarget "NasaGallery" */ = {
			isa = XCConfigurationList;
			buildConfigurations = (
				6316E96C28B1FE4400354904 /* Debug */,
				6316E96D28B1FE4400354904 /* Release */,
			);
			defaultConfigurationIsVisible = 0;
			defaultConfigurationName = Release;
		};
		6316E96E28B1FE4400354904 /* Build configuration list for PBXNativeTarget "NasaGalleryTests" */ = {
			isa = XCConfigurationList;
			buildConfigurations = (
				6316E96F28B1FE4400354904 /* Debug */,
				6316E97028B1FE4400354904 /* Release */,
			);
			defaultConfigurationIsVisible = 0;
			defaultConfigurationName = Release;
		};
		6316E97128B1FE4400354904 /* Build configuration list for PBXNativeTarget "NasaGalleryUITests" */ = {
			isa = XCConfigurationList;
			buildConfigurations = (
				6316E97228B1FE4400354904 /* Debug */,
				6316E97328B1FE4400354904 /* Release */,
			);
			defaultConfigurationIsVisible = 0;
			defaultConfigurationName = Release;
		};
/* End XCConfigurationList section */

/* Begin XCRemoteSwiftPackageReference section */
		6316E97B28B2037D00354904 /* XCRemoteSwiftPackageReference "Mobius" */ = {
			isa = XCRemoteSwiftPackageReference;
			repositoryURL = "https://github.com/spotify/Mobius.swift";
			requirement = {
				kind = exactVersion;
				version = 0.5.0;
			};
		};
		6316E9A428B2173C00354904 /* XCRemoteSwiftPackageReference "Cuckoo" */ = {
			isa = XCRemoteSwiftPackageReference;
			repositoryURL = "https://github.com/Brightify/Cuckoo";
			requirement = {
				kind = exactVersion;
				version = 1.9.0;
			};
		};
/* End XCRemoteSwiftPackageReference section */

/* Begin XCSwiftPackageProductDependency section */
		6316E97C28B2037D00354904 /* MobiusCore */ = {
			isa = XCSwiftPackageProductDependency;
			package = 6316E97B28B2037D00354904 /* XCRemoteSwiftPackageReference "Mobius" */;
			productName = MobiusCore;
		};
		6316E97E28B2037D00354904 /* MobiusExtras */ = {
			isa = XCSwiftPackageProductDependency;
			package = 6316E97B28B2037D00354904 /* XCRemoteSwiftPackageReference "Mobius" */;
			productName = MobiusExtras;
		};
		6316E98028B2037D00354904 /* MobiusNimble */ = {
			isa = XCSwiftPackageProductDependency;
			package = 6316E97B28B2037D00354904 /* XCRemoteSwiftPackageReference "Mobius" */;
			productName = MobiusNimble;
		};
		6316E98228B2037D00354904 /* MobiusTest */ = {
			isa = XCSwiftPackageProductDependency;
			package = 6316E97B28B2037D00354904 /* XCRemoteSwiftPackageReference "Mobius" */;
			productName = MobiusTest;
		};
		6316E9A528B2173C00354904 /* Cuckoo */ = {
			isa = XCSwiftPackageProductDependency;
			package = 6316E9A428B2173C00354904 /* XCRemoteSwiftPackageReference "Cuckoo" */;
			productName = Cuckoo;
		};
/* End XCSwiftPackageProductDependency section */
	};
	rootObject = 6316E93928B1FE4100354904 /* Project object */;
}
