{
  "pins" : [
    {
      "identity" : "chtcollectionviewwaterfalllayout",
      "kind" : "remoteSourceControl",
      "location" : "https://github.com/chiahsien/CHTCollectionViewWaterfallLayout",
      "state" : {
        "revision" : "1fe42247efc8aea1ad03332d2b44f2d7fb1644bc",
        "version" : "0.9.10"
      }
    },
    {
      "identity" : "cuckoo",
      "kind" : "remoteSourceControl",
      "location" : "https://github.com/Brightify/Cuckoo",
      "state" : {
        "revision" : "475322e609d009c284464c886ca08cfe421137a9",
        "version" : "1.10.3"
      }
    },
    {
      "identity" : "cwlcatchexception",
      "kind" : "remoteSourceControl",
      "location" : "https://github.com/mattgallagher/CwlCatchException.git",
      "state" : {
        "revision" : "35f9e770f54ce62dd8526470f14c6e137cef3eea",
        "version" : "2.1.1"
      }
    },
    {
      "identity" : "cwlpreconditiontesting",
      "kind" : "remoteSourceControl",
      "location" : "https://github.com/mattgallagher/CwlPreconditionTesting.git",
      "state" : {
        "revision" : "c21f7bab5ca8eee0a9998bbd17ca1d0eb45d4688",
        "version" : "2.1.0"
      }
    },
    {
      "identity" : "imagescout",
      "kind" : "remoteSourceControl",
      "location" : "https://github.com/kaishin/ImageScout",
      "state" : {
        "branch" : "master",
        "revision" : "bf082663f1f19ca2d56358ef102fccff78ee131a"
      }
    },
    {
      "identity" : "kingfisher",
      "kind" : "remoteSourceControl",
      "location" : "https://github.com/onevcat/Kingfisher",
      "state" : {
        "revision" : "c1f60c63f356d364f4284ba82961acbe7de79bcc",
        "version" : "7.8.1"
      }
    },
    {
      "identity" : "mobius.swift",
      "kind" : "remoteSourceControl",
      "location" : "https://github.com/spotify/Mobius.swift",
      "state" : {
        "revision" : "c2f958ff9122ad8a497b8f66ba4672da9ad1f834",
        "version" : "0.5.0"
      }
    },
    {
      "identity" : "nimble",
      "kind" : "remoteSourceControl",
      "location" : "https://github.com/Quick/Nimble",
      "state" : {
        "revision" : "c93f16c25af5770f0d3e6af27c9634640946b068",
        "version" : "9.2.1"
      }
    },
    {
      "identity" : "quick",
      "kind" : "remoteSourceControl",
      "location" : "https://github.com/Quick/Quick",
      "state" : {
        "revision" : "bd86ca0141e3cfb333546de5a11ede63f0c4a0e6",
        "version" : "4.0.0"
      }
    },
    {
      "identity" : "swift-case-paths",
      "kind" : "remoteSourceControl",
      "location" : "https://github.com/pointfreeco/swift-case-paths",
      "state" : {
        "revision" : "a09839348486db8866f85a727b8550be1d671c50",
        "version" : "0.9.1"
      }
    }
  ],
  "version" : 2
}
